// !$*UTF8*$!
{
	archiveVersion = 1;
	classes = {
	};
	objectVersion = 48;
	objects = {

/* Begin PBXBuildFile section */
		1C3DA64FCD562F872482AEED /* libPods-Objective-C-iOS.a in Frameworks */ = {isa = PBXBuildFile; fileRef = F24425C14AC2487A01A4BEE0 /* libPods-Objective-C-iOS.a */; };
		252814CA6F12A6A71067CEF1 /* libPods-Objective-C-iOSTests.a in Frameworks */ = {isa = PBXBuildFile; fileRef = 4928F28FAF974D2725450E2C /* libPods-Objective-C-iOSTests.a */; };
		454D8463DBA787E541A04FD9 /* libPods-Objective-C-iOSUITests.a in Frameworks */ = {isa = PBXBuildFile; fileRef = 297AFE5116513DB430BAF3F9 /* libPods-Objective-C-iOSUITests.a */; };
		4A01F2B62061178F0068D48C /* AppDelegate.m in Sources */ = {isa = PBXBuildFile; fileRef = 4A01F2B52061178F0068D48C /* AppDelegate.m */; };
		4A01F2B92061178F0068D48C /* FirstViewController.m in Sources */ = {isa = PBXBuildFile; fileRef = 4A01F2B82061178F0068D48C /* FirstViewController.m */; };
		4A01F2BC2061178F0068D48C /* SecondViewController.m in Sources */ = {isa = PBXBuildFile; fileRef = 4A01F2BB2061178F0068D48C /* SecondViewController.m */; };
		4A01F2BF2061178F0068D48C /* Main.storyboard in Resources */ = {isa = PBXBuildFile; fileRef = 4A01F2BD2061178F0068D48C /* Main.storyboard */; };
		4A01F2C12061178F0068D48C /* Assets.xcassets in Resources */ = {isa = PBXBuildFile; fileRef = 4A01F2C02061178F0068D48C /* Assets.xcassets */; };
		4A01F2C42061178F0068D48C /* LaunchScreen.storyboard in Resources */ = {isa = PBXBuildFile; fileRef = 4A01F2C22061178F0068D48C /* LaunchScreen.storyboard */; };
		4A01F2C72061178F0068D48C /* main.m in Sources */ = {isa = PBXBuildFile; fileRef = 4A01F2C62061178F0068D48C /* main.m */; };
		4A01F2D12061178F0068D48C /* Objective_C_iOSTests.m in Sources */ = {isa = PBXBuildFile; fileRef = 4A01F2D02061178F0068D48C /* Objective_C_iOSTests.m */; };
		4A01F2DC2061178F0068D48C /* Objective_C_iOSUITests.m in Sources */ = {isa = PBXBuildFile; fileRef = 4A01F2DB2061178F0068D48C /* Objective_C_iOSUITests.m */; };
/* End PBXBuildFile section */

/* Begin PBXContainerItemProxy section */
		4A01F2CD2061178F0068D48C /* PBXContainerItemProxy */ = {
			isa = PBXContainerItemProxy;
			containerPortal = 4A01F2A92061178F0068D48C /* Project object */;
			proxyType = 1;
			remoteGlobalIDString = 4A01F2B02061178F0068D48C;
			remoteInfo = "Objective-C-iOS";
		};
		4A01F2D82061178F0068D48C /* PBXContainerItemProxy */ = {
			isa = PBXContainerItemProxy;
			containerPortal = 4A01F2A92061178F0068D48C /* Project object */;
			proxyType = 1;
			remoteGlobalIDString = 4A01F2B02061178F0068D48C;
			remoteInfo = "Objective-C-iOS";
		};
/* End PBXContainerItemProxy section */

/* Begin PBXFileReference section */
		23F0DC790AF7A30611147C50 /* Pods-Objective-C-iOS.release.xcconfig */ = {isa = PBXFileReference; includeInIndex = 1; lastKnownFileType = text.xcconfig; name = "Pods-Objective-C-iOS.release.xcconfig"; path = "Pods/Target Support Files/Pods-Objective-C-iOS/Pods-Objective-C-iOS.release.xcconfig"; sourceTree = "<group>"; };
		297AFE5116513DB430BAF3F9 /* libPods-Objective-C-iOSUITests.a */ = {isa = PBXFileReference; explicitFileType = archive.ar; includeInIndex = 0; path = "libPods-Objective-C-iOSUITests.a"; sourceTree = BUILT_PRODUCTS_DIR; };
		4472F969BD6E8464B6915C7E /* Pods-Objective-C-iOSUITests.debug.xcconfig */ = {isa = PBXFileReference; includeInIndex = 1; lastKnownFileType = text.xcconfig; name = "Pods-Objective-C-iOSUITests.debug.xcconfig"; path = "Pods/Target Support Files/Pods-Objective-C-iOSUITests/Pods-Objective-C-iOSUITests.debug.xcconfig"; sourceTree = "<group>"; };
		44FB4DD70F7E7560288D7FB8 /* Pods-Objective-C-iOSTests.debug.xcconfig */ = {isa = PBXFileReference; includeInIndex = 1; lastKnownFileType = text.xcconfig; name = "Pods-Objective-C-iOSTests.debug.xcconfig"; path = "Pods/Target Support Files/Pods-Objective-C-iOSTests/Pods-Objective-C-iOSTests.debug.xcconfig"; sourceTree = "<group>"; };
		4928F28FAF974D2725450E2C /* libPods-Objective-C-iOSTests.a */ = {isa = PBXFileReference; explicitFileType = archive.ar; includeInIndex = 0; path = "libPods-Objective-C-iOSTests.a"; sourceTree = BUILT_PRODUCTS_DIR; };
		4A01F2B12061178F0068D48C /* Objective-C-iOS.app */ = {isa = PBXFileReference; explicitFileType = wrapper.application; includeInIndex = 0; path = "Objective-C-iOS.app"; sourceTree = BUILT_PRODUCTS_DIR; };
		4A01F2B42061178F0068D48C /* AppDelegate.h */ = {isa = PBXFileReference; lastKnownFileType = sourcecode.c.h; path = AppDelegate.h; sourceTree = "<group>"; };
		4A01F2B52061178F0068D48C /* AppDelegate.m */ = {isa = PBXFileReference; lastKnownFileType = sourcecode.c.objc; path = AppDelegate.m; sourceTree = "<group>"; };
		4A01F2B72061178F0068D48C /* FirstViewController.h */ = {isa = PBXFileReference; lastKnownFileType = sourcecode.c.h; path = FirstViewController.h; sourceTree = "<group>"; };
		4A01F2B82061178F0068D48C /* FirstViewController.m */ = {isa = PBXFileReference; lastKnownFileType = sourcecode.c.objc; path = FirstViewController.m; sourceTree = "<group>"; };
		4A01F2BA2061178F0068D48C /* SecondViewController.h */ = {isa = PBXFileReference; lastKnownFileType = sourcecode.c.h; path = SecondViewController.h; sourceTree = "<group>"; };
		4A01F2BB2061178F0068D48C /* SecondViewController.m */ = {isa = PBXFileReference; lastKnownFileType = sourcecode.c.objc; path = SecondViewController.m; sourceTree = "<group>"; };
		4A01F2BE2061178F0068D48C /* Base */ = {isa = PBXFileReference; lastKnownFileType = file.storyboard; name = Base; path = Base.lproj/Main.storyboard; sourceTree = "<group>"; };
		4A01F2C02061178F0068D48C /* Assets.xcassets */ = {isa = PBXFileReference; lastKnownFileType = folder.assetcatalog; path = Assets.xcassets; sourceTree = "<group>"; };
		4A01F2C32061178F0068D48C /* Base */ = {isa = PBXFileReference; lastKnownFileType = file.storyboard; name = Base; path = Base.lproj/LaunchScreen.storyboard; sourceTree = "<group>"; };
		4A01F2C52061178F0068D48C /* Info.plist */ = {isa = PBXFileReference; lastKnownFileType = text.plist.xml; path = Info.plist; sourceTree = "<group>"; };
		4A01F2C62061178F0068D48C /* main.m */ = {isa = PBXFileReference; lastKnownFileType = sourcecode.c.objc; path = main.m; sourceTree = "<group>"; };
		4A01F2CC2061178F0068D48C /* Objective-C-iOSTests.xctest */ = {isa = PBXFileReference; explicitFileType = wrapper.cfbundle; includeInIndex = 0; path = "Objective-C-iOSTests.xctest"; sourceTree = BUILT_PRODUCTS_DIR; };
		4A01F2D02061178F0068D48C /* Objective_C_iOSTests.m */ = {isa = PBXFileReference; lastKnownFileType = sourcecode.c.objc; path = Objective_C_iOSTests.m; sourceTree = "<group>"; };
		4A01F2D22061178F0068D48C /* Info.plist */ = {isa = PBXFileReference; lastKnownFileType = text.plist.xml; path = Info.plist; sourceTree = "<group>"; };
		4A01F2D72061178F0068D48C /* Objective-C-iOSUITests.xctest */ = {isa = PBXFileReference; explicitFileType = wrapper.cfbundle; includeInIndex = 0; path = "Objective-C-iOSUITests.xctest"; sourceTree = BUILT_PRODUCTS_DIR; };
		4A01F2DB2061178F0068D48C /* Objective_C_iOSUITests.m */ = {isa = PBXFileReference; lastKnownFileType = sourcecode.c.objc; path = Objective_C_iOSUITests.m; sourceTree = "<group>"; };
		4A01F2DD2061178F0068D48C /* Info.plist */ = {isa = PBXFileReference; lastKnownFileType = text.plist.xml; path = Info.plist; sourceTree = "<group>"; };
		4AEC364720639E200045C4D3 /* Objective-C-iOS.entitlements */ = {isa = PBXFileReference; lastKnownFileType = text.plist.entitlements; path = "Objective-C-iOS.entitlements"; sourceTree = "<group>"; };
		4DFE4380C266313D1491DB05 /* Pods-Objective-C-iOSTests.release.xcconfig */ = {isa = PBXFileReference; includeInIndex = 1; lastKnownFileType = text.xcconfig; name = "Pods-Objective-C-iOSTests.release.xcconfig"; path = "Pods/Target Support Files/Pods-Objective-C-iOSTests/Pods-Objective-C-iOSTests.release.xcconfig"; sourceTree = "<group>"; };
		A8A008CC1BB3181121B6FFB5 /* Pods-Objective-C-iOS.debug.xcconfig */ = {isa = PBXFileReference; includeInIndex = 1; lastKnownFileType = text.xcconfig; name = "Pods-Objective-C-iOS.debug.xcconfig"; path = "Pods/Target Support Files/Pods-Objective-C-iOS/Pods-Objective-C-iOS.debug.xcconfig"; sourceTree = "<group>"; };
		DF4EA214A7B7F0D232C3D14C /* Pods-Objective-C-iOSUITests.release.xcconfig */ = {isa = PBXFileReference; includeInIndex = 1; lastKnownFileType = text.xcconfig; name = "Pods-Objective-C-iOSUITests.release.xcconfig"; path = "Pods/Target Support Files/Pods-Objective-C-iOSUITests/Pods-Objective-C-iOSUITests.release.xcconfig"; sourceTree = "<group>"; };
		F24425C14AC2487A01A4BEE0 /* libPods-Objective-C-iOS.a */ = {isa = PBXFileReference; explicitFileType = archive.ar; includeInIndex = 0; path = "libPods-Objective-C-iOS.a"; sourceTree = BUILT_PRODUCTS_DIR; };
/* End PBXFileReference section */

/* Begin PBXFrameworksBuildPhase section */
		4A01F2AE2061178F0068D48C /* Frameworks */ = {
			isa = PBXFrameworksBuildPhase;
			buildActionMask = 2147483647;
			files = (
				1C3DA64FCD562F872482AEED /* libPods-Objective-C-iOS.a in Frameworks */,
			);
			runOnlyForDeploymentPostprocessing = 0;
		};
		4A01F2C92061178F0068D48C /* Frameworks */ = {
			isa = PBXFrameworksBuildPhase;
			buildActionMask = 2147483647;
			files = (
				252814CA6F12A6A71067CEF1 /* libPods-Objective-C-iOSTests.a in Frameworks */,
			);
			runOnlyForDeploymentPostprocessing = 0;
		};
		4A01F2D42061178F0068D48C /* Frameworks */ = {
			isa = PBXFrameworksBuildPhase;
			buildActionMask = 2147483647;
			files = (
				454D8463DBA787E541A04FD9 /* libPods-Objective-C-iOSUITests.a in Frameworks */,
			);
			runOnlyForDeploymentPostprocessing = 0;
		};
/* End PBXFrameworksBuildPhase section */

/* Begin PBXGroup section */
		410BFF9B80B36F1956F7DD5A /* Pods */ = {
			isa = PBXGroup;
			children = (
				A8A008CC1BB3181121B6FFB5 /* Pods-Objective-C-iOS.debug.xcconfig */,
				23F0DC790AF7A30611147C50 /* Pods-Objective-C-iOS.release.xcconfig */,
				44FB4DD70F7E7560288D7FB8 /* Pods-Objective-C-iOSTests.debug.xcconfig */,
				4DFE4380C266313D1491DB05 /* Pods-Objective-C-iOSTests.release.xcconfig */,
				4472F969BD6E8464B6915C7E /* Pods-Objective-C-iOSUITests.debug.xcconfig */,
				DF4EA214A7B7F0D232C3D14C /* Pods-Objective-C-iOSUITests.release.xcconfig */,
			);
			name = Pods;
			sourceTree = "<group>";
		};
		4A01F2A82061178F0068D48C = {
			isa = PBXGroup;
			children = (
				4A01F2B32061178F0068D48C /* Objective-C-iOS */,
				4A01F2CF2061178F0068D48C /* Objective-C-iOSTests */,
				4A01F2DA2061178F0068D48C /* Objective-C-iOSUITests */,
				4A01F2B22061178F0068D48C /* Products */,
				410BFF9B80B36F1956F7DD5A /* Pods */,
				90A37A599BCA2461D5B954E9 /* Frameworks */,
			);
			sourceTree = "<group>";
		};
		4A01F2B22061178F0068D48C /* Products */ = {
			isa = PBXGroup;
			children = (
				4A01F2B12061178F0068D48C /* Objective-C-iOS.app */,
				4A01F2CC2061178F0068D48C /* Objective-C-iOSTests.xctest */,
				4A01F2D72061178F0068D48C /* Objective-C-iOSUITests.xctest */,
			);
			name = Products;
			sourceTree = "<group>";
		};
		4A01F2B32061178F0068D48C /* Objective-C-iOS */ = {
			isa = PBXGroup;
			children = (
				4AEC364720639E200045C4D3 /* Objective-C-iOS.entitlements */,
				4A01F2B42061178F0068D48C /* AppDelegate.h */,
				4A01F2B52061178F0068D48C /* AppDelegate.m */,
				4A01F2B72061178F0068D48C /* FirstViewController.h */,
				4A01F2B82061178F0068D48C /* FirstViewController.m */,
				4A01F2BA2061178F0068D48C /* SecondViewController.h */,
				4A01F2BB2061178F0068D48C /* SecondViewController.m */,
				4A01F2BD2061178F0068D48C /* Main.storyboard */,
				4A01F2C02061178F0068D48C /* Assets.xcassets */,
				4A01F2C22061178F0068D48C /* LaunchScreen.storyboard */,
				4A01F2C52061178F0068D48C /* Info.plist */,
				4A01F2C62061178F0068D48C /* main.m */,
			);
			path = "Objective-C-iOS";
			sourceTree = "<group>";
		};
		4A01F2CF2061178F0068D48C /* Objective-C-iOSTests */ = {
			isa = PBXGroup;
			children = (
				4A01F2D02061178F0068D48C /* Objective_C_iOSTests.m */,
				4A01F2D22061178F0068D48C /* Info.plist */,
			);
			path = "Objective-C-iOSTests";
			sourceTree = "<group>";
		};
		4A01F2DA2061178F0068D48C /* Objective-C-iOSUITests */ = {
			isa = PBXGroup;
			children = (
				4A01F2DB2061178F0068D48C /* Objective_C_iOSUITests.m */,
				4A01F2DD2061178F0068D48C /* Info.plist */,
			);
			path = "Objective-C-iOSUITests";
			sourceTree = "<group>";
		};
		90A37A599BCA2461D5B954E9 /* Frameworks */ = {
			isa = PBXGroup;
			children = (
				F24425C14AC2487A01A4BEE0 /* libPods-Objective-C-iOS.a */,
				4928F28FAF974D2725450E2C /* libPods-Objective-C-iOSTests.a */,
				297AFE5116513DB430BAF3F9 /* libPods-Objective-C-iOSUITests.a */,
			);
			name = Frameworks;
			sourceTree = "<group>";
		};
/* End PBXGroup section */

/* Begin PBXNativeTarget section */
		4A01F2B02061178F0068D48C /* Objective-C-iOS */ = {
			isa = PBXNativeTarget;
			buildConfigurationList = 4A01F2E02061178F0068D48C /* Build configuration list for PBXNativeTarget "Objective-C-iOS" */;
			buildPhases = (
				633295A1E5217CBF8C4D10F0 /* [CP] Check Pods Manifest.lock */,
				4A01F2AD2061178F0068D48C /* Sources */,
				4A01F2AE2061178F0068D48C /* Frameworks */,
				4A01F2AF2061178F0068D48C /* Resources */,
				5F5B21F3C1CF8F2164AACE60 /* [CP] Embed Pods Frameworks */,
				0BB06ECD81858C7390EADF9E /* [CP] Copy Pods Resources */,
			);
			buildRules = (
			);
			dependencies = (
			);
			name = "Objective-C-iOS";
			productName = "Objective-C-iOS";
			productReference = 4A01F2B12061178F0068D48C /* Objective-C-iOS.app */;
			productType = "com.apple.product-type.application";
		};
		4A01F2CB2061178F0068D48C /* Objective-C-iOSTests */ = {
			isa = PBXNativeTarget;
			buildConfigurationList = 4A01F2E32061178F0068D48C /* Build configuration list for PBXNativeTarget "Objective-C-iOSTests" */;
			buildPhases = (
				E947A73D42ECBB86BA406A67 /* [CP] Check Pods Manifest.lock */,
				4A01F2C82061178F0068D48C /* Sources */,
				4A01F2C92061178F0068D48C /* Frameworks */,
				4A01F2CA2061178F0068D48C /* Resources */,
				2B6D30C428247254BA182D67 /* [CP] Embed Pods Frameworks */,
				747F1A8A9E3B83F50271F884 /* [CP] Copy Pods Resources */,
			);
			buildRules = (
			);
			dependencies = (
				4A01F2CE2061178F0068D48C /* PBXTargetDependency */,
			);
			name = "Objective-C-iOSTests";
			productName = "Objective-C-iOSTests";
			productReference = 4A01F2CC2061178F0068D48C /* Objective-C-iOSTests.xctest */;
			productType = "com.apple.product-type.bundle.unit-test";
		};
		4A01F2D62061178F0068D48C /* Objective-C-iOSUITests */ = {
			isa = PBXNativeTarget;
			buildConfigurationList = 4A01F2E62061178F0068D48C /* Build configuration list for PBXNativeTarget "Objective-C-iOSUITests" */;
			buildPhases = (
				6F189ADD9BF6EED7FA2D0A0C /* [CP] Check Pods Manifest.lock */,
				4A01F2D32061178F0068D48C /* Sources */,
				4A01F2D42061178F0068D48C /* Frameworks */,
				4A01F2D52061178F0068D48C /* Resources */,
				355DD48823834DB7367C87B1 /* [CP] Embed Pods Frameworks */,
				DFA20E138DDD4EFD5D86616D /* [CP] Copy Pods Resources */,
			);
			buildRules = (
			);
			dependencies = (
				4A01F2D92061178F0068D48C /* PBXTargetDependency */,
			);
			name = "Objective-C-iOSUITests";
			productName = "Objective-C-iOSUITests";
			productReference = 4A01F2D72061178F0068D48C /* Objective-C-iOSUITests.xctest */;
			productType = "com.apple.product-type.bundle.ui-testing";
		};
/* End PBXNativeTarget section */

/* Begin PBXProject section */
		4A01F2A92061178F0068D48C /* Project object */ = {
			isa = PBXProject;
			attributes = {
				LastUpgradeCheck = 0920;
				ORGANIZATIONNAME = bys;
				TargetAttributes = {
					4A01F2B02061178F0068D48C = {
						CreatedOnToolsVersion = 9.2;
						ProvisioningStyle = Automatic;
						SystemCapabilities = {
							com.apple.BackgroundModes = {
								enabled = 1;
							};
							com.apple.Push = {
								enabled = 1;
							};
						};
					};
					4A01F2CB2061178F0068D48C = {
						CreatedOnToolsVersion = 9.2;
						ProvisioningStyle = Automatic;
						TestTargetID = 4A01F2B02061178F0068D48C;
					};
					4A01F2D62061178F0068D48C = {
						CreatedOnToolsVersion = 9.2;
						ProvisioningStyle = Automatic;
						TestTargetID = 4A01F2B02061178F0068D48C;
					};
				};
			};
			buildConfigurationList = 4A01F2AC2061178F0068D48C /* Build configuration list for PBXProject "Objective-C-iOS" */;
			compatibilityVersion = "Xcode 8.0";
			developmentRegion = en;
			hasScannedForEncodings = 0;
			knownRegions = (
				en,
				Base,
			);
			mainGroup = 4A01F2A82061178F0068D48C;
			productRefGroup = 4A01F2B22061178F0068D48C /* Products */;
			projectDirPath = "";
			projectRoot = "";
			targets = (
				4A01F2B02061178F0068D48C /* Objective-C-iOS */,
				4A01F2CB2061178F0068D48C /* Objective-C-iOSTests */,
				4A01F2D62061178F0068D48C /* Objective-C-iOSUITests */,
			);
		};
/* End PBXProject section */

/* Begin PBXResourcesBuildPhase section */
		4A01F2AF2061178F0068D48C /* Resources */ = {
			isa = PBXResourcesBuildPhase;
			buildActionMask = 2147483647;
			files = (
				4A01F2C42061178F0068D48C /* LaunchScreen.storyboard in Resources */,
				4A01F2C12061178F0068D48C /* Assets.xcassets in Resources */,
				4A01F2BF2061178F0068D48C /* Main.storyboard in Resources */,
			);
			runOnlyForDeploymentPostprocessing = 0;
		};
		4A01F2CA2061178F0068D48C /* Resources */ = {
			isa = PBXResourcesBuildPhase;
			buildActionMask = 2147483647;
			files = (
			);
			runOnlyForDeploymentPostprocessing = 0;
		};
		4A01F2D52061178F0068D48C /* Resources */ = {
			isa = PBXResourcesBuildPhase;
			buildActionMask = 2147483647;
			files = (
			);
			runOnlyForDeploymentPostprocessing = 0;
		};
/* End PBXResourcesBuildPhase section */

/* Begin PBXShellScriptBuildPhase section */
		0BB06ECD81858C7390EADF9E /* [CP] Copy Pods Resources */ = {
			isa = PBXShellScriptBuildPhase;
			buildActionMask = 2147483647;
			files = (
			);
			inputPaths = (
			);
			name = "[CP] Copy Pods Resources";
			outputPaths = (
			);
			runOnlyForDeploymentPostprocessing = 0;
			shellPath = /bin/sh;
			shellScript = "\"${SRCROOT}/Pods/Target Support Files/Pods-Objective-C-iOS/Pods-Objective-C-iOS-resources.sh\"\n";
			showEnvVarsInLog = 0;
		};
		2B6D30C428247254BA182D67 /* [CP] Embed Pods Frameworks */ = {
			isa = PBXShellScriptBuildPhase;
			buildActionMask = 2147483647;
			files = (
			);
			inputPaths = (
			);
			name = "[CP] Embed Pods Frameworks";
			outputPaths = (
			);
			runOnlyForDeploymentPostprocessing = 0;
			shellPath = /bin/sh;
			shellScript = "\"${SRCROOT}/Pods/Target Support Files/Pods-Objective-C-iOSTests/Pods-Objective-C-iOSTests-frameworks.sh\"\n";
			showEnvVarsInLog = 0;
		};
		355DD48823834DB7367C87B1 /* [CP] Embed Pods Frameworks */ = {
			isa = PBXShellScriptBuildPhase;
			buildActionMask = 2147483647;
			files = (
			);
			inputPaths = (
			);
			name = "[CP] Embed Pods Frameworks";
			outputPaths = (
			);
			runOnlyForDeploymentPostprocessing = 0;
			shellPath = /bin/sh;
			shellScript = "\"${SRCROOT}/Pods/Target Support Files/Pods-Objective-C-iOSUITests/Pods-Objective-C-iOSUITests-frameworks.sh\"\n";
			showEnvVarsInLog = 0;
		};
		5F5B21F3C1CF8F2164AACE60 /* [CP] Embed Pods Frameworks */ = {
			isa = PBXShellScriptBuildPhase;
			buildActionMask = 2147483647;
			files = (
			);
			inputPaths = (
			);
			name = "[CP] Embed Pods Frameworks";
			outputPaths = (
			);
			runOnlyForDeploymentPostprocessing = 0;
			shellPath = /bin/sh;
			shellScript = "\"${SRCROOT}/Pods/Target Support Files/Pods-Objective-C-iOS/Pods-Objective-C-iOS-frameworks.sh\"\n";
			showEnvVarsInLog = 0;
		};
		633295A1E5217CBF8C4D10F0 /* [CP] Check Pods Manifest.lock */ = {
			isa = PBXShellScriptBuildPhase;
			buildActionMask = 2147483647;
			files = (
			);
			inputPaths = (
				"${PODS_PODFILE_DIR_PATH}/Podfile.lock",
				"${PODS_ROOT}/Manifest.lock",
			);
			name = "[CP] Check Pods Manifest.lock";
			outputPaths = (
				"$(DERIVED_FILE_DIR)/Pods-Objective-C-iOS-checkManifestLockResult.txt",
			);
			runOnlyForDeploymentPostprocessing = 0;
			shellPath = /bin/sh;
			shellScript = "diff \"${PODS_PODFILE_DIR_PATH}/Podfile.lock\" \"${PODS_ROOT}/Manifest.lock\" > /dev/null\nif [ $? != 0 ] ; then\n    # print error to STDERR\n    echo \"error: The sandbox is not in sync with the Podfile.lock. Run 'pod install' or update your CocoaPods installation.\" >&2\n    exit 1\nfi\n# This output is used by Xcode 'outputs' to avoid re-running this script phase.\necho \"SUCCESS\" > \"${SCRIPT_OUTPUT_FILE_0}\"\n";
			showEnvVarsInLog = 0;
		};
		6F189ADD9BF6EED7FA2D0A0C /* [CP] Check Pods Manifest.lock */ = {
			isa = PBXShellScriptBuildPhase;
			buildActionMask = 2147483647;
			files = (
			);
			inputPaths = (
				"${PODS_PODFILE_DIR_PATH}/Podfile.lock",
				"${PODS_ROOT}/Manifest.lock",
			);
			name = "[CP] Check Pods Manifest.lock";
			outputPaths = (
				"$(DERIVED_FILE_DIR)/Pods-Objective-C-iOSUITests-checkManifestLockResult.txt",
			);
			runOnlyForDeploymentPostprocessing = 0;
			shellPath = /bin/sh;
			shellScript = "diff \"${PODS_PODFILE_DIR_PATH}/Podfile.lock\" \"${PODS_ROOT}/Manifest.lock\" > /dev/null\nif [ $? != 0 ] ; then\n    # print error to STDERR\n    echo \"error: The sandbox is not in sync with the Podfile.lock. Run 'pod install' or update your CocoaPods installation.\" >&2\n    exit 1\nfi\n# This output is used by Xcode 'outputs' to avoid re-running this script phase.\necho \"SUCCESS\" > \"${SCRIPT_OUTPUT_FILE_0}\"\n";
			showEnvVarsInLog = 0;
		};
		747F1A8A9E3B83F50271F884 /* [CP] Copy Pods Resources */ = {
			isa = PBXShellScriptBuildPhase;
			buildActionMask = 2147483647;
			files = (
			);
			inputPaths = (
			);
			name = "[CP] Copy Pods Resources";
			outputPaths = (
			);
			runOnlyForDeploymentPostprocessing = 0;
			shellPath = /bin/sh;
			shellScript = "\"${SRCROOT}/Pods/Target Support Files/Pods-Objective-C-iOSTests/Pods-Objective-C-iOSTests-resources.sh\"\n";
			showEnvVarsInLog = 0;
		};
		DFA20E138DDD4EFD5D86616D /* [CP] Copy Pods Resources */ = {
			isa = PBXShellScriptBuildPhase;
			buildActionMask = 2147483647;
			files = (
			);
			inputPaths = (
			);
			name = "[CP] Copy Pods Resources";
			outputPaths = (
			);
			runOnlyForDeploymentPostprocessing = 0;
			shellPath = /bin/sh;
			shellScript = "\"${SRCROOT}/Pods/Target Support Files/Pods-Objective-C-iOSUITests/Pods-Objective-C-iOSUITests-resources.sh\"\n";
			showEnvVarsInLog = 0;
		};
		E947A73D42ECBB86BA406A67 /* [CP] Check Pods Manifest.lock */ = {
			isa = PBXShellScriptBuildPhase;
			buildActionMask = 2147483647;
			files = (
			);
			inputPaths = (
				"${PODS_PODFILE_DIR_PATH}/Podfile.lock",
				"${PODS_ROOT}/Manifest.lock",
			);
			name = "[CP] Check Pods Manifest.lock";
			outputPaths = (
				"$(DERIVED_FILE_DIR)/Pods-Objective-C-iOSTests-checkManifestLockResult.txt",
			);
			runOnlyForDeploymentPostprocessing = 0;
			shellPath = /bin/sh;
			shellScript = "diff \"${PODS_PODFILE_DIR_PATH}/Podfile.lock\" \"${PODS_ROOT}/Manifest.lock\" > /dev/null\nif [ $? != 0 ] ; then\n    # print error to STDERR\n    echo \"error: The sandbox is not in sync with the Podfile.lock. Run 'pod install' or update your CocoaPods installation.\" >&2\n    exit 1\nfi\n# This output is used by Xcode 'outputs' to avoid re-running this script phase.\necho \"SUCCESS\" > \"${SCRIPT_OUTPUT_FILE_0}\"\n";
			showEnvVarsInLog = 0;
		};
/* End PBXShellScriptBuildPhase section */

/* Begin PBXSourcesBuildPhase section */
		4A01F2AD2061178F0068D48C /* Sources */ = {
			isa = PBXSourcesBuildPhase;
			buildActionMask = 2147483647;
			files = (
				4A01F2BC2061178F0068D48C /* SecondViewController.m in Sources */,
				4A01F2B62061178F0068D48C /* AppDelegate.m in Sources */,
				4A01F2C72061178F0068D48C /* main.m in Sources */,
				4A01F2B92061178F0068D48C /* FirstViewController.m in Sources */,
			);
			runOnlyForDeploymentPostprocessing = 0;
		};
		4A01F2C82061178F0068D48C /* Sources */ = {
			isa = PBXSourcesBuildPhase;
			buildActionMask = 2147483647;
			files = (
				4A01F2D12061178F0068D48C /* Objective_C_iOSTests.m in Sources */,
			);
			runOnlyForDeploymentPostprocessing = 0;
		};
		4A01F2D32061178F0068D48C /* Sources */ = {
			isa = PBXSourcesBuildPhase;
			buildActionMask = 2147483647;
			files = (
				4A01F2DC2061178F0068D48C /* Objective_C_iOSUITests.m in Sources */,
			);
			runOnlyForDeploymentPostprocessing = 0;
		};
/* End PBXSourcesBuildPhase section */

/* Begin PBXTargetDependency section */
		4A01F2CE2061178F0068D48C /* PBXTargetDependency */ = {
			isa = PBXTargetDependency;
			target = 4A01F2B02061178F0068D48C /* Objective-C-iOS */;
			targetProxy = 4A01F2CD2061178F0068D48C /* PBXContainerItemProxy */;
		};
		4A01F2D92061178F0068D48C /* PBXTargetDependency */ = {
			isa = PBXTargetDependency;
			target = 4A01F2B02061178F0068D48C /* Objective-C-iOS */;
			targetProxy = 4A01F2D82061178F0068D48C /* PBXContainerItemProxy */;
		};
/* End PBXTargetDependency section */

/* Begin PBXVariantGroup section */
		4A01F2BD2061178F0068D48C /* Main.storyboard */ = {
			isa = PBXVariantGroup;
			children = (
				4A01F2BE2061178F0068D48C /* Base */,
			);
			name = Main.storyboard;
			sourceTree = "<group>";
		};
		4A01F2C22061178F0068D48C /* LaunchScreen.storyboard */ = {
			isa = PBXVariantGroup;
			children = (
				4A01F2C32061178F0068D48C /* Base */,
			);
			name = LaunchScreen.storyboard;
			sourceTree = "<group>";
		};
/* End PBXVariantGroup section */

/* Begin XCBuildConfiguration section */
		4A01F2DE2061178F0068D48C /* Debug */ = {
			isa = XCBuildConfiguration;
			buildSettings = {
				ALWAYS_SEARCH_USER_PATHS = NO;
				CLANG_ANALYZER_NONNULL = YES;
				CLANG_ANALYZER_NUMBER_OBJECT_CONVERSION = YES_AGGRESSIVE;
				CLANG_CXX_LANGUAGE_STANDARD = "gnu++14";
				CLANG_CXX_LIBRARY = "libc++";
				CLANG_ENABLE_MODULES = YES;
				CLANG_ENABLE_OBJC_ARC = YES;
				CLANG_WARN_BLOCK_CAPTURE_AUTORELEASING = YES;
				CLANG_WARN_BOOL_CONVERSION = YES;
				CLANG_WARN_COMMA = YES;
				CLANG_WARN_CONSTANT_CONVERSION = YES;
				CLANG_WARN_DIRECT_OBJC_ISA_USAGE = YES_ERROR;
				CLANG_WARN_DOCUMENTATION_COMMENTS = YES;
				CLANG_WARN_EMPTY_BODY = YES;
				CLANG_WARN_ENUM_CONVERSION = YES;
				CLANG_WARN_INFINITE_RECURSION = YES;
				CLANG_WARN_INT_CONVERSION = YES;
				CLANG_WARN_NON_LITERAL_NULL_CONVERSION = YES;
				CLANG_WARN_OBJC_LITERAL_CONVERSION = YES;
				CLANG_WARN_OBJC_ROOT_CLASS = YES_ERROR;
				CLANG_WARN_RANGE_LOOP_ANALYSIS = YES;
				CLANG_WARN_STRICT_PROTOTYPES = YES;
				CLANG_WARN_SUSPICIOUS_MOVE = YES;
				CLANG_WARN_UNGUARDED_AVAILABILITY = YES_AGGRESSIVE;
				CLANG_WARN_UNREACHABLE_CODE = YES;
				CLANG_WARN__DUPLICATE_METHOD_MATCH = YES;
				CODE_SIGN_IDENTITY = "iPhone Developer";
				COPY_PHASE_STRIP = NO;
				DEBUG_INFORMATION_FORMAT = dwarf;
				ENABLE_STRICT_OBJC_MSGSEND = YES;
				ENABLE_TESTABILITY = YES;
				GCC_C_LANGUAGE_STANDARD = gnu11;
				GCC_DYNAMIC_NO_PIC = NO;
				GCC_NO_COMMON_BLOCKS = YES;
				GCC_OPTIMIZATION_LEVEL = 0;
				GCC_PREPROCESSOR_DEFINITIONS = (
					"DEBUG=1",
					"$(inherited)",
				);
				GCC_WARN_64_TO_32_BIT_CONVERSION = YES;
				GCC_WARN_ABOUT_RETURN_TYPE = YES_ERROR;
				GCC_WARN_UNDECLARED_SELECTOR = YES;
				GCC_WARN_UNINITIALIZED_AUTOS = YES_AGGRESSIVE;
				GCC_WARN_UNUSED_FUNCTION = YES;
				GCC_WARN_UNUSED_VARIABLE = YES;
				IPHONEOS_DEPLOYMENT_TARGET = 11.2;
				MTL_ENABLE_DEBUG_INFO = YES;
				ONLY_ACTIVE_ARCH = YES;
				SDKROOT = iphoneos;
			};
			name = Debug;
		};
		4A01F2DF2061178F0068D48C /* Release */ = {
			isa = XCBuildConfiguration;
			buildSettings = {
				ALWAYS_SEARCH_USER_PATHS = NO;
				CLANG_ANALYZER_NONNULL = YES;
				CLANG_ANALYZER_NUMBER_OBJECT_CONVERSION = YES_AGGRESSIVE;
				CLANG_CXX_LANGUAGE_STANDARD = "gnu++14";
				CLANG_CXX_LIBRARY = "libc++";
				CLANG_ENABLE_MODULES = YES;
				CLANG_ENABLE_OBJC_ARC = YES;
				CLANG_WARN_BLOCK_CAPTURE_AUTORELEASING = YES;
				CLANG_WARN_BOOL_CONVERSION = YES;
				CLANG_WARN_COMMA = YES;
				CLANG_WARN_CONSTANT_CONVERSION = YES;
				CLANG_WARN_DIRECT_OBJC_ISA_USAGE = YES_ERROR;
				CLANG_WARN_DOCUMENTATION_COMMENTS = YES;
				CLANG_WARN_EMPTY_BODY = YES;
				CLANG_WARN_ENUM_CONVERSION = YES;
				CLANG_WARN_INFINITE_RECURSION = YES;
				CLANG_WARN_INT_CONVERSION = YES;
				CLANG_WARN_NON_LITERAL_NULL_CONVERSION = YES;
				CLANG_WARN_OBJC_LITERAL_CONVERSION = YES;
				CLANG_WARN_OBJC_ROOT_CLASS = YES_ERROR;
				CLANG_WARN_RANGE_LOOP_ANALYSIS = YES;
				CLANG_WARN_STRICT_PROTOTYPES = YES;
				CLANG_WARN_SUSPICIOUS_MOVE = YES;
				CLANG_WARN_UNGUARDED_AVAILABILITY = YES_AGGRESSIVE;
				CLANG_WARN_UNREACHABLE_CODE = YES;
				CLANG_WARN__DUPLICATE_METHOD_MATCH = YES;
				CODE_SIGN_IDENTITY = "iPhone Developer";
				COPY_PHASE_STRIP = NO;
				DEBUG_INFORMATION_FORMAT = "dwarf-with-dsym";
				ENABLE_NS_ASSERTIONS = NO;
				ENABLE_STRICT_OBJC_MSGSEND = YES;
				GCC_C_LANGUAGE_STANDARD = gnu11;
				GCC_NO_COMMON_BLOCKS = YES;
				GCC_WARN_64_TO_32_BIT_CONVERSION = YES;
				GCC_WARN_ABOUT_RETURN_TYPE = YES_ERROR;
				GCC_WARN_UNDECLARED_SELECTOR = YES;
				GCC_WARN_UNINITIALIZED_AUTOS = YES_AGGRESSIVE;
				GCC_WARN_UNUSED_FUNCTION = YES;
				GCC_WARN_UNUSED_VARIABLE = YES;
				IPHONEOS_DEPLOYMENT_TARGET = 11.2;
				MTL_ENABLE_DEBUG_INFO = NO;
				SDKROOT = iphoneos;
				VALIDATE_PRODUCT = YES;
			};
			name = Release;
		};
		4A01F2E12061178F0068D48C /* Debug */ = {
			isa = XCBuildConfiguration;
			baseConfigurationReference = A8A008CC1BB3181121B6FFB5 /* Pods-Objective-C-iOS.debug.xcconfig */;
			buildSettings = {
				ASSETCATALOG_COMPILER_APPICON_NAME = AppIcon;
				CODE_SIGN_ENTITLEMENTS = "Objective-C-iOS/Objective-C-iOS.entitlements";
				CODE_SIGN_STYLE = Automatic;
				DEVELOPMENT_TEAM = 3D27XEAVGH;
				INFOPLIST_FILE = "Objective-C-iOS/Info.plist";
				LD_RUNPATH_SEARCH_PATHS = "$(inherited) @executable_path/Frameworks";
				PRODUCT_BUNDLE_IDENTIFIER = "bys.Objective-C-iOS";
				PRODUCT_NAME = "$(TARGET_NAME)";
				TARGETED_DEVICE_FAMILY = "1,2";
			};
			name = Debug;
		};
		4A01F2E22061178F0068D48C /* Release */ = {
			isa = XCBuildConfiguration;
			baseConfigurationReference = 23F0DC790AF7A30611147C50 /* Pods-Objective-C-iOS.release.xcconfig */;
			buildSettings = {
				ASSETCATALOG_COMPILER_APPICON_NAME = AppIcon;
				CODE_SIGN_ENTITLEMENTS = "Objective-C-iOS/Objective-C-iOS.entitlements";
				CODE_SIGN_STYLE = Automatic;
				DEVELOPMENT_TEAM = 3D27XEAVGH;
				INFOPLIST_FILE = "Objective-C-iOS/Info.plist";
				LD_RUNPATH_SEARCH_PATHS = "$(inherited) @executable_path/Frameworks";
				PRODUCT_BUNDLE_IDENTIFIER = "bys.Objective-C-iOS";
				PRODUCT_NAME = "$(TARGET_NAME)";
				TARGETED_DEVICE_FAMILY = "1,2";
			};
			name = Release;
		};
		4A01F2E42061178F0068D48C /* Debug */ = {
			isa = XCBuildConfiguration;
			baseConfigurationReference = 44FB4DD70F7E7560288D7FB8 /* Pods-Objective-C-iOSTests.debug.xcconfig */;
			buildSettings = {
				BUNDLE_LOADER = "$(TEST_HOST)";
				CODE_SIGN_STYLE = Automatic;
				DEVELOPMENT_TEAM = 3D27XEAVGH;
				INFOPLIST_FILE = "Objective-C-iOSTests/Info.plist";
				LD_RUNPATH_SEARCH_PATHS = "$(inherited) @executable_path/Frameworks @loader_path/Frameworks";
				PRODUCT_BUNDLE_IDENTIFIER = "bys.Objective-C-iOSTests";
				PRODUCT_NAME = "$(TARGET_NAME)";
				TARGETED_DEVICE_FAMILY = "1,2";
				TEST_HOST = "$(BUILT_PRODUCTS_DIR)/Objective-C-iOS.app/Objective-C-iOS";
			};
			name = Debug;
		};
		4A01F2E52061178F0068D48C /* Release */ = {
			isa = XCBuildConfiguration;
			baseConfigurationReference = 4DFE4380C266313D1491DB05 /* Pods-Objective-C-iOSTests.release.xcconfig */;
			buildSettings = {
				BUNDLE_LOADER = "$(TEST_HOST)";
				CODE_SIGN_STYLE = Automatic;
				DEVELOPMENT_TEAM = 3D27XEAVGH;
				INFOPLIST_FILE = "Objective-C-iOSTests/Info.plist";
				LD_RUNPATH_SEARCH_PATHS = "$(inherited) @executable_path/Frameworks @loader_path/Frameworks";
				PRODUCT_BUNDLE_IDENTIFIER = "bys.Objective-C-iOSTests";
				PRODUCT_NAME = "$(TARGET_NAME)";
				TARGETED_DEVICE_FAMILY = "1,2";
				TEST_HOST = "$(BUILT_PRODUCTS_DIR)/Objective-C-iOS.app/Objective-C-iOS";
			};
			name = Release;
		};
		4A01F2E72061178F0068D48C /* Debug */ = {
			isa = XCBuildConfiguration;
			baseConfigurationReference = 4472F969BD6E8464B6915C7E /* Pods-Objective-C-iOSUITests.debug.xcconfig */;
			buildSettings = {
				CODE_SIGN_STYLE = Automatic;
				DEVELOPMENT_TEAM = 3D27XEAVGH;
				INFOPLIST_FILE = "Objective-C-iOSUITests/Info.plist";
				LD_RUNPATH_SEARCH_PATHS = "$(inherited) @executable_path/Frameworks @loader_path/Frameworks";
				PRODUCT_BUNDLE_IDENTIFIER = "bys.Objective-C-iOSUITests";
				PRODUCT_NAME = "$(TARGET_NAME)";
				TARGETED_DEVICE_FAMILY = "1,2";
				TEST_TARGET_NAME = "Objective-C-iOS";
			};
			name = Debug;
		};
		4A01F2E82061178F0068D48C /* Release */ = {
			isa = XCBuildConfiguration;
			baseConfigurationReference = DF4EA214A7B7F0D232C3D14C /* Pods-Objective-C-iOSUITests.release.xcconfig */;
			buildSettings = {
				CODE_SIGN_STYLE = Automatic;
				DEVELOPMENT_TEAM = 3D27XEAVGH;
				INFOPLIST_FILE = "Objective-C-iOSUITests/Info.plist";
				LD_RUNPATH_SEARCH_PATHS = "$(inherited) @executable_path/Frameworks @loader_path/Frameworks";
				PRODUCT_BUNDLE_IDENTIFIER = "bys.Objective-C-iOSUITests";
				PRODUCT_NAME = "$(TARGET_NAME)";
				TARGETED_DEVICE_FAMILY = "1,2";
				TEST_TARGET_NAME = "Objective-C-iOS";
			};
			name = Release;
		};
/* End XCBuildConfiguration section */

/* Begin XCConfigurationList section */
		4A01F2AC2061178F0068D48C /* Build configuration list for PBXProject "Objective-C-iOS" */ = {
			isa = XCConfigurationList;
			buildConfigurations = (
				4A01F2DE2061178F0068D48C /* Debug */,
				4A01F2DF2061178F0068D48C /* Release */,
			);
			defaultConfigurationIsVisible = 0;
			defaultConfigurationName = Release;
		};
		4A01F2E02061178F0068D48C /* Build configuration list for PBXNativeTarget "Objective-C-iOS" */ = {
			isa = XCConfigurationList;
			buildConfigurations = (
				4A01F2E12061178F0068D48C /* Debug */,
				4A01F2E22061178F0068D48C /* Release */,
			);
			defaultConfigurationIsVisible = 0;
			defaultConfigurationName = Release;
		};
		4A01F2E32061178F0068D48C /* Build configuration list for PBXNativeTarget "Objective-C-iOSTests" */ = {
			isa = XCConfigurationList;
			buildConfigurations = (
				4A01F2E42061178F0068D48C /* Debug */,
				4A01F2E52061178F0068D48C /* Release */,
			);
			defaultConfigurationIsVisible = 0;
			defaultConfigurationName = Release;
		};
		4A01F2E62061178F0068D48C /* Build configuration list for PBXNativeTarget "Objective-C-iOSUITests" */ = {
			isa = XCConfigurationList;
			buildConfigurations = (
				4A01F2E72061178F0068D48C /* Debug */,
				4A01F2E82061178F0068D48C /* Release */,
			);
			defaultConfigurationIsVisible = 0;
			defaultConfigurationName = Release;
		};
/* End XCConfigurationList section */
	};
	rootObject = 4A01F2A92061178F0068D48C /* Project object */;
}
